// !$*UTF8*$!
{
	archiveVersion = 1;
	classes = {
	};
	objectVersion = 46;
	objects = {

/* Begin PBXBuildFile section */
		73992C08189CA7480089D71C /* Foundation.framework in Frameworks */ = {isa = PBXBuildFile; fileRef = 73992C07189CA7480089D71C /* Foundation.framework */; };
		73992C0A189CA7480089D71C /* CoreGraphics.framework in Frameworks */ = {isa = PBXBuildFile; fileRef = 73992C09189CA7480089D71C /* CoreGraphics.framework */; };
		73992C0C189CA7480089D71C /* UIKit.framework in Frameworks */ = {isa = PBXBuildFile; fileRef = 73992C0B189CA7480089D71C /* UIKit.framework */; };
		73992C12189CA7480089D71C /* InfoPlist.strings in Resources */ = {isa = PBXBuildFile; fileRef = 73992C10189CA7480089D71C /* InfoPlist.strings */; };
		73992C14189CA7480089D71C /* main.m in Sources */ = {isa = PBXBuildFile; fileRef = 73992C13189CA7480089D71C /* main.m */; };
		73992C18189CA7480089D71C /* ELSAppDelegate.m in Sources */ = {isa = PBXBuildFile; fileRef = 73992C17189CA7480089D71C /* ELSAppDelegate.m */; };
		73992C1B189CA7480089D71C /* Main_iPhone.storyboard in Resources */ = {isa = PBXBuildFile; fileRef = 73992C19189CA7480089D71C /* Main_iPhone.storyboard */; };
		73992C21189CA7480089D71C /* ELSViewController.m in Sources */ = {isa = PBXBuildFile; fileRef = 73992C20189CA7480089D71C /* ELSViewController.m */; };
		73992C23189CA7480089D71C /* Images.xcassets in Resources */ = {isa = PBXBuildFile; fileRef = 73992C22189CA7480089D71C /* Images.xcassets */; };
		73992C2A189CA7480089D71C /* XCTest.framework in Frameworks */ = {isa = PBXBuildFile; fileRef = 73992C29189CA7480089D71C /* XCTest.framework */; };
		73992C2B189CA7480089D71C /* Foundation.framework in Frameworks */ = {isa = PBXBuildFile; fileRef = 73992C07189CA7480089D71C /* Foundation.framework */; };
		73992C2C189CA7480089D71C /* UIKit.framework in Frameworks */ = {isa = PBXBuildFile; fileRef = 73992C0B189CA7480089D71C /* UIKit.framework */; };
		73992C34189CA7480089D71C /* InfoPlist.strings in Resources */ = {isa = PBXBuildFile; fileRef = 73992C32189CA7480089D71C /* InfoPlist.strings */; };
		73992C36189CA7480089D71C /* App_1_Hello_WorldTests.m in Sources */ = {isa = PBXBuildFile; fileRef = 73992C35189CA7480089D71C /* App_1_Hello_WorldTests.m */; };
		73992C42189CB1560089D71C /* logo@2x.jpg in Resources */ = {isa = PBXBuildFile; fileRef = 73992C41189CB1560089D71C /* logo@2x.jpg */; };
/* End PBXBuildFile section */

/* Begin PBXContainerItemProxy section */
		73992C2D189CA7480089D71C /* PBXContainerItemProxy */ = {
			isa = PBXContainerItemProxy;
			containerPortal = 73992BFC189CA7480089D71C /* Project object */;
			proxyType = 1;
			remoteGlobalIDString = 73992C03189CA7480089D71C;
			remoteInfo = "App 1 Hello World";
		};
/* End PBXContainerItemProxy section */

/* Begin PBXFileReference section */
		73992C04189CA7480089D71C /* App 1 Hello World.app */ = {isa = PBXFileReference; explicitFileType = wrapper.application; includeInIndex = 0; path = "App 1 Hello World.app"; sourceTree = BUILT_PRODUCTS_DIR; };
		73992C07189CA7480089D71C /* Foundation.framework */ = {isa = PBXFileReference; lastKnownFileType = wrapper.framework; name = Foundation.framework; path = System/Library/Frameworks/Foundation.framework; sourceTree = SDKROOT; };
		73992C09189CA7480089D71C /* CoreGraphics.framework */ = {isa = PBXFileReference; lastKnownFileType = wrapper.framework; name = CoreGraphics.framework; path = System/Library/Frameworks/CoreGraphics.framework; sourceTree = SDKROOT; };
		73992C0B189CA7480089D71C /* UIKit.framework */ = {isa = PBXFileReference; lastKnownFileType = wrapper.framework; name = UIKit.framework; path = System/Library/Frameworks/UIKit.framework; sourceTree = SDKROOT; };
		73992C0F189CA7480089D71C /* App 1 Hello World-Info.plist */ = {isa = PBXFileReference; lastKnownFileType = text.plist.xml; path = "App 1 Hello World-Info.plist"; sourceTree = "<group>"; };
		73992C11189CA7480089D71C /* en */ = {isa = PBXFileReference; lastKnownFileType = text.plist.strings; name = en; path = en.lproj/InfoPlist.strings; sourceTree = "<group>"; };
		73992C13189CA7480089D71C /* main.m */ = {isa = PBXFileReference; lastKnownFileType = sourcecode.c.objc; path = main.m; sourceTree = "<group>"; };
		73992C15189CA7480089D71C /* App 1 Hello World-Prefix.pch */ = {isa = PBXFileReference; lastKnownFileType = sourcecode.c.h; path = "App 1 Hello World-Prefix.pch"; sourceTree = "<group>"; };
		73992C16189CA7480089D71C /* ELSAppDelegate.h */ = {isa = PBXFileReference; lastKnownFileType = sourcecode.c.h; path = ELSAppDelegate.h; sourceTree = "<group>"; };
		73992C17189CA7480089D71C /* ELSAppDelegate.m */ = {isa = PBXFileReference; lastKnownFileType = sourcecode.c.objc; path = ELSAppDelegate.m; sourceTree = "<group>"; };
		73992C1A189CA7480089D71C /* Base */ = {isa = PBXFileReference; lastKnownFileType = file.storyboard; name = Base; path = Base.lproj/Main_iPhone.storyboard; sourceTree = "<group>"; };
		73992C1F189CA7480089D71C /* ELSViewController.h */ = {isa = PBXFileReference; lastKnownFileType = sourcecode.c.h; path = ELSViewController.h; sourceTree = "<group>"; };
		73992C20189CA7480089D71C /* ELSViewController.m */ = {isa = PBXFileReference; lastKnownFileType = sourcecode.c.objc; path = ELSViewController.m; sourceTree = "<group>"; };
		73992C22189CA7480089D71C /* Images.xcassets */ = {isa = PBXFileReference; lastKnownFileType = folder.assetcatalog; path = Images.xcassets; sourceTree = "<group>"; };
		73992C28189CA7480089D71C /* App 1 Hello WorldTests.xctest */ = {isa = PBXFileReference; explicitFileType = wrapper.cfbundle; includeInIndex = 0; path = "App 1 Hello WorldTests.xctest"; sourceTree = BUILT_PRODUCTS_DIR; };
		73992C29189CA7480089D71C /* XCTest.framework */ = {isa = PBXFileReference; lastKnownFileType = wrapper.framework; name = XCTest.framework; path = Library/Frameworks/XCTest.framework; sourceTree = DEVELOPER_DIR; };
		73992C31189CA7480089D71C /* App 1 Hello WorldTests-Info.plist */ = {isa = PBXFileReference; lastKnownFileType = text.plist.xml; path = "App 1 Hello WorldTests-Info.plist"; sourceTree = "<group>"; };
		73992C33189CA7480089D71C /* en */ = {isa = PBXFileReference; lastKnownFileType = text.plist.strings; name = en; path = en.lproj/InfoPlist.strings; sourceTree = "<group>"; };
		73992C35189CA7480089D71C /* App_1_Hello_WorldTests.m */ = {isa = PBXFileReference; lastKnownFileType = sourcecode.c.objc; path = App_1_Hello_WorldTests.m; sourceTree = "<group>"; };
		73992C41189CB1560089D71C /* logo@2x.jpg */ = {isa = PBXFileReference; lastKnownFileType = image.jpeg; name = "logo@2x.jpg"; path = "../logo@2x.jpg"; sourceTree = "<group>"; };
/* End PBXFileReference section */

/* Begin PBXFrameworksBuildPhase section */
		73992C01189CA7480089D71C /* Frameworks */ = {
			isa = PBXFrameworksBuildPhase;
			buildActionMask = 2147483647;
			files = (
				73992C0A189CA7480089D71C /* CoreGraphics.framework in Frameworks */,
				73992C0C189CA7480089D71C /* UIKit.framework in Frameworks */,
				73992C08189CA7480089D71C /* Foundation.framework in Frameworks */,
			);
			runOnlyForDeploymentPostprocessing = 0;
		};
		73992C25189CA7480089D71C /* Frameworks */ = {
			isa = PBXFrameworksBuildPhase;
			buildActionMask = 2147483647;
			files = (
				73992C2A189CA7480089D71C /* XCTest.framework in Frameworks */,
				73992C2C189CA7480089D71C /* UIKit.framework in Frameworks */,
				73992C2B189CA7480089D71C /* Foundation.framework in Frameworks */,
			);
			runOnlyForDeploymentPostprocessing = 0;
		};
/* End PBXFrameworksBuildPhase section */

/* Begin PBXGroup section */
		73992BFB189CA7480089D71C = {
			isa = PBXGroup;
			children = (
				73992C0D189CA7480089D71C /* App 1 Hello World */,
				73992C2F189CA7480089D71C /* App 1 Hello WorldTests */,
				73992C06189CA7480089D71C /* Frameworks */,
				73992C05189CA7480089D71C /* Products */,
			);
			sourceTree = "<group>";
		};
		73992C05189CA7480089D71C /* Products */ = {
			isa = PBXGroup;
			children = (
				73992C04189CA7480089D71C /* App 1 Hello World.app */,
				73992C28189CA7480089D71C /* App 1 Hello WorldTests.xctest */,
			);
			name = Products;
			sourceTree = "<group>";
		};
		73992C06189CA7480089D71C /* Frameworks */ = {
			isa = PBXGroup;
			children = (
				73992C07189CA7480089D71C /* Foundation.framework */,
				73992C09189CA7480089D71C /* CoreGraphics.framework */,
				73992C0B189CA7480089D71C /* UIKit.framework */,
				73992C29189CA7480089D71C /* XCTest.framework */,
			);
			name = Frameworks;
			sourceTree = "<group>";
		};
		73992C0D189CA7480089D71C /* App 1 Hello World */ = {
			isa = PBXGroup;
			children = (
				73992C16189CA7480089D71C /* ELSAppDelegate.h */,
				73992C17189CA7480089D71C /* ELSAppDelegate.m */,
				73992C19189CA7480089D71C /* Main_iPhone.storyboard */,
				73992C1F189CA7480089D71C /* ELSViewController.h */,
				73992C20189CA7480089D71C /* ELSViewController.m */,
				73992C22189CA7480089D71C /* Images.xcassets */,
				73992C0E189CA7480089D71C /* Supporting Files */,
			);
			path = "App 1 Hello World";
			sourceTree = "<group>";
		};
		73992C0E189CA7480089D71C /* Supporting Files */ = {
			isa = PBXGroup;
			children = (
				73992C41189CB1560089D71C /* logo@2x.jpg */,
				73992C0F189CA7480089D71C /* App 1 Hello World-Info.plist */,
				73992C10189CA7480089D71C /* InfoPlist.strings */,
				73992C13189CA7480089D71C /* main.m */,
				73992C15189CA7480089D71C /* App 1 Hello World-Prefix.pch */,
			);
			name = "Supporting Files";
			sourceTree = "<group>";
		};
		73992C2F189CA7480089D71C /* App 1 Hello WorldTests */ = {
			isa = PBXGroup;
			children = (
				73992C35189CA7480089D71C /* App_1_Hello_WorldTests.m */,
				73992C30189CA7480089D71C /* Supporting Files */,
			);
			path = "App 1 Hello WorldTests";
			sourceTree = "<group>";
		};
		73992C30189CA7480089D71C /* Supporting Files */ = {
			isa = PBXGroup;
			children = (
				73992C31189CA7480089D71C /* App 1 Hello WorldTests-Info.plist */,
				73992C32189CA7480089D71C /* InfoPlist.strings */,
			);
			name = "Supporting Files";
			sourceTree = "<group>";
		};
/* End PBXGroup section */

/* Begin PBXNativeTarget section */
		73992C03189CA7480089D71C /* App 1 Hello World */ = {
			isa = PBXNativeTarget;
			buildConfigurationList = 73992C39189CA7480089D71C /* Build configuration list for PBXNativeTarget "App 1 Hello World" */;
			buildPhases = (
				73992C00189CA7480089D71C /* Sources */,
				73992C01189CA7480089D71C /* Frameworks */,
				73992C02189CA7480089D71C /* Resources */,
			);
			buildRules = (
			);
			dependencies = (
			);
			name = "App 1 Hello World";
			productName = "App 1 Hello World";
			productReference = 73992C04189CA7480089D71C /* App 1 Hello World.app */;
			productType = "com.apple.product-type.application";
		};
		73992C27189CA7480089D71C /* App 1 Hello WorldTests */ = {
			isa = PBXNativeTarget;
			buildConfigurationList = 73992C3C189CA7480089D71C /* Build configuration list for PBXNativeTarget "App 1 Hello WorldTests" */;
			buildPhases = (
				73992C24189CA7480089D71C /* Sources */,
				73992C25189CA7480089D71C /* Frameworks */,
				73992C26189CA7480089D71C /* Resources */,
			);
			buildRules = (
			);
			dependencies = (
				73992C2E189CA7480089D71C /* PBXTargetDependency */,
			);
			name = "App 1 Hello WorldTests";
			productName = "App 1 Hello WorldTests";
			productReference = 73992C28189CA7480089D71C /* App 1 Hello WorldTests.xctest */;
			productType = "com.apple.product-type.bundle.unit-test";
		};
/* End PBXNativeTarget section */

/* Begin PBXProject section */
		73992BFC189CA7480089D71C /* Project object */ = {
			isa = PBXProject;
			attributes = {
				CLASSPREFIX = ELS;
				LastUpgradeCheck = 0500;
				ORGANIZATIONNAME = "Big Nerd Ranch";
				TargetAttributes = {
					73992C27189CA7480089D71C = {
						TestTargetID = 73992C03189CA7480089D71C;
					};
				};
			};
			buildConfigurationList = 73992BFF189CA7480089D71C /* Build configuration list for PBXProject "App 1 Hello World" */;
			compatibilityVersion = "Xcode 3.2";
			developmentRegion = English;
			hasScannedForEncodings = 0;
			knownRegions = (
				en,
				Base,
			);
			mainGroup = 73992BFB189CA7480089D71C;
			productRefGroup = 73992C05189CA7480089D71C /* Products */;
			projectDirPath = "";
			projectRoot = "";
			targets = (
				73992C03189CA7480089D71C /* App 1 Hello World */,
				73992C27189CA7480089D71C /* App 1 Hello WorldTests */,
			);
		};
/* End PBXProject section */

/* Begin PBXResourcesBuildPhase section */
		73992C02189CA7480089D71C /* Resources */ = {
			isa = PBXResourcesBuildPhase;
			buildActionMask = 2147483647;
			files = (
				73992C42189CB1560089D71C /* logo@2x.jpg in Resources */,
				73992C23189CA7480089D71C /* Images.xcassets in Resources */,
				73992C1B189CA7480089D71C /* Main_iPhone.storyboard in Resources */,
				73992C12189CA7480089D71C /* InfoPlist.strings in Resources */,
			);
			runOnlyForDeploymentPostprocessing = 0;
		};
		73992C26189CA7480089D71C /* Resources */ = {
			isa = PBXResourcesBuildPhase;
			buildActionMask = 2147483647;
			files = (
				73992C34189CA7480089D71C /* InfoPlist.strings in Resources */,
			);
			runOnlyForDeploymentPostprocessing = 0;
		};
/* End PBXResourcesBuildPhase section */

/* Begin PBXSourcesBuildPhase section */
		73992C00189CA7480089D71C /* Sources */ = {
			isa = PBXSourcesBuildPhase;
			buildActionMask = 2147483647;
			files = (
				73992C14189CA7480089D71C /* main.m in Sources */,
				73992C18189CA7480089D71C /* ELSAppDelegate.m in Sources */,
				73992C21189CA7480089D71C /* ELSViewController.m in Sources */,
			);
			runOnlyForDeploymentPostprocessing = 0;
		};
		73992C24189CA7480089D71C /* Sources */ = {
			isa = PBXSourcesBuildPhase;
			buildActionMask = 2147483647;
			files = (
				73992C36189CA7480089D71C /* App_1_Hello_WorldTests.m in Sources */,
			);
			runOnlyForDeploymentPostprocessing = 0;
		};
/* End PBXSourcesBuildPhase section */

/* Begin PBXTargetDependency section */
		73992C2E189CA7480089D71C /* PBXTargetDependency */ = {
			isa = PBXTargetDependency;
			target = 73992C03189CA7480089D71C /* App 1 Hello World */;
			targetProxy = 73992C2D189CA7480089D71C /* PBXContainerItemProxy */;
		};
/* End PBXTargetDependency section */

/* Begin PBXVariantGroup section */
		73992C10189CA7480089D71C /* InfoPlist.strings */ = {
			isa = PBXVariantGroup;
			children = (
				73992C11189CA7480089D71C /* en */,
			);
			name = InfoPlist.strings;
			sourceTree = "<group>";
		};
		73992C19189CA7480089D71C /* Main_iPhone.storyboard */ = {
			isa = PBXVariantGroup;
			children = (
				73992C1A189CA7480089D71C /* Base */,
			);
			name = Main_iPhone.storyboard;
			sourceTree = "<group>";
		};
		73992C32189CA7480089D71C /* InfoPlist.strings */ = {
			isa = PBXVariantGroup;
			children = (
				73992C33189CA7480089D71C /* en */,
			);
			name = InfoPlist.strings;
			sourceTree = "<group>";
		};
/* End PBXVariantGroup section */

/* Begin XCBuildConfiguration section */
		73992C37189CA7480089D71C /* Debug */ = {
			isa = XCBuildConfiguration;
			buildSettings = {
				ALWAYS_SEARCH_USER_PATHS = NO;
				ARCHS = "$(ARCHS_STANDARD_INCLUDING_64_BIT)";
				CLANG_CXX_LANGUAGE_STANDARD = "gnu++0x";
				CLANG_CXX_LIBRARY = "libc++";
				CLANG_ENABLE_MODULES = YES;
				CLANG_ENABLE_OBJC_ARC = YES;
				CLANG_WARN_BOOL_CONVERSION = YES;
				CLANG_WARN_CONSTANT_CONVERSION = YES;
				CLANG_WARN_DIRECT_OBJC_ISA_USAGE = YES_ERROR;
				CLANG_WARN_EMPTY_BODY = YES;
				CLANG_WARN_ENUM_CONVERSION = YES;
				CLANG_WARN_INT_CONVERSION = YES;
				CLANG_WARN_OBJC_ROOT_CLASS = YES_ERROR;
				CLANG_WARN__DUPLICATE_METHOD_MATCH = YES;
				"CODE_SIGN_IDENTITY[sdk=iphoneos*]" = "iPhone Developer";
				COPY_PHASE_STRIP = NO;
				GCC_C_LANGUAGE_STANDARD = gnu99;
				GCC_DYNAMIC_NO_PIC = NO;
				GCC_OPTIMIZATION_LEVEL = 0;
				GCC_PREPROCESSOR_DEFINITIONS = (
					"DEBUG=1",
					"$(inherited)",
				);
				GCC_SYMBOLS_PRIVATE_EXTERN = NO;
				GCC_WARN_64_TO_32_BIT_CONVERSION = YES;
				GCC_WARN_ABOUT_RETURN_TYPE = YES_ERROR;
				GCC_WARN_UNDECLARED_SELECTOR = YES;
				GCC_WARN_UNINITIALIZED_AUTOS = YES;
				GCC_WARN_UNUSED_FUNCTION = YES;
				GCC_WARN_UNUSED_VARIABLE = YES;
				IPHONEOS_DEPLOYMENT_TARGET = 7.0;
				ONLY_ACTIVE_ARCH = YES;
				SDKROOT = iphoneos;
				TARGETED_DEVICE_FAMILY = "1,2";
			};
			name = Debug;
		};
		73992C38189CA7480089D71C /* Release */ = {
			isa = XCBuildConfiguration;
			buildSettings = {
				ALWAYS_SEARCH_USER_PATHS = NO;
				ARCHS = "$(ARCHS_STANDARD_INCLUDING_64_BIT)";
				CLANG_CXX_LANGUAGE_STANDARD = "gnu++0x";
				CLANG_CXX_LIBRARY = "libc++";
				CLANG_ENABLE_MODULES = YES;
				CLANG_ENABLE_OBJC_ARC = YES;
				CLANG_WARN_BOOL_CONVERSION = YES;
				CLANG_WARN_CONSTANT_CONVERSION = YES;
				CLANG_WARN_DIRECT_OBJC_ISA_USAGE = YES_ERROR;
				CLANG_WARN_EMPTY_BODY = YES;
				CLANG_WARN_ENUM_CONVERSION = YES;
				CLANG_WARN_INT_CONVERSION = YES;
				CLANG_WARN_OBJC_ROOT_CLASS = YES_ERROR;
				CLANG_WARN__DUPLICATE_METHOD_MATCH = YES;
				"CODE_SIGN_IDENTITY[sdk=iphoneos*]" = "iPhone Developer";
				COPY_PHASE_STRIP = YES;
				ENABLE_NS_ASSERTIONS = NO;
				GCC_C_LANGUAGE_STANDARD = gnu99;
				GCC_WARN_64_TO_32_BIT_CONVERSION = YES;
				GCC_WARN_ABOUT_RETURN_TYPE = YES_ERROR;
				GCC_WARN_UNDECLARED_SELECTOR = YES;
				GCC_WARN_UNINITIALIZED_AUTOS = YES;
				GCC_WARN_UNUSED_FUNCTION = YES;
				GCC_WARN_UNUSED_VARIABLE = YES;
				IPHONEOS_DEPLOYMENT_TARGET = 7.0;
				SDKROOT = iphoneos;
				TARGETED_DEVICE_FAMILY = "1,2";
				VALIDATE_PRODUCT = YES;
			};
			name = Release;
		};
		73992C3A189CA7480089D71C /* Debug */ = {
			isa = XCBuildConfiguration;
			buildSettings = {
				ASSETCATALOG_COMPILER_APPICON_NAME = AppIcon;
				ASSETCATALOG_COMPILER_LAUNCHIMAGE_NAME = LaunchImage;
				GCC_PRECOMPILE_PREFIX_HEADER = YES;
				GCC_PREFIX_HEADER = "App 1 Hello World/App 1 Hello World-Prefix.pch";
				INFOPLIST_FILE = "App 1 Hello World/App 1 Hello World-Info.plist";
				PRODUCT_NAME = "$(TARGET_NAME)";
				TARGETED_DEVICE_FAMILY = 1;
				WRAPPER_EXTENSION = app;
			};
			name = Debug;
		};
		73992C3B189CA7480089D71C /* Release */ = {
			isa = XCBuildConfiguration;
			buildSettings = {
				ASSETCATALOG_COMPILER_APPICON_NAME = AppIcon;
				ASSETCATALOG_COMPILER_LAUNCHIMAGE_NAME = LaunchImage;
				GCC_PRECOMPILE_PREFIX_HEADER = YES;
				GCC_PREFIX_HEADER = "App 1 Hello World/App 1 Hello World-Prefix.pch";
				INFOPLIST_FILE = "App 1 Hello World/App 1 Hello World-Info.plist";
				PRODUCT_NAME = "$(TARGET_NAME)";
				TARGETED_DEVICE_FAMILY = 1;
				WRAPPER_EXTENSION = app;
			};
			name = Release;
		};
		73992C3D189CA7480089D71C /* Debug */ = {
			isa = XCBuildConfiguration;
			buildSettings = {
				ARCHS = "$(ARCHS_STANDARD_INCLUDING_64_BIT)";
				BUNDLE_LOADER = "$(BUILT_PRODUCTS_DIR)/App 1 Hello World.app/App 1 Hello World";
				FRAMEWORK_SEARCH_PATHS = (
					"$(SDKROOT)/Developer/Library/Frameworks",
					"$(inherited)",
					"$(DEVELOPER_FRAMEWORKS_DIR)",
				);
				GCC_PRECOMPILE_PREFIX_HEADER = YES;
				GCC_PREFIX_HEADER = "App 1 Hello World/App 1 Hello World-Prefix.pch";
				GCC_PREPROCESSOR_DEFINITIONS = (
					"DEBUG=1",
					"$(inherited)",
				);
				INFOPLIST_FILE = "App 1 Hello WorldTests/App 1 Hello WorldTests-Info.plist";
				PRODUCT_NAME = "$(TARGET_NAME)";
				TEST_HOST = "$(BUNDLE_LOADER)";
				WRAPPER_EXTENSION = xctest;
			};
			name = Debug;
		};
		73992C3E189CA7480089D71C /* Release */ = {
			isa = XCBuildConfiguration;
			buildSettings = {
				ARCHS = "$(ARCHS_STANDARD_INCLUDING_64_BIT)";
				BUNDLE_LOADER = "$(BUILT_PRODUCTS_DIR)/App 1 Hello World.app/App 1 Hello World";
				FRAMEWORK_SEARCH_PATHS = (
					"$(SDKROOT)/Developer/Library/Frameworks",
					"$(inherited)",
					"$(DEVELOPER_FRAMEWORKS_DIR)",
				);
				GCC_PRECOMPILE_PREFIX_HEADER = YES;
				GCC_PREFIX_HEADER = "App 1 Hello World/App 1 Hello World-Prefix.pch";
				INFOPLIST_FILE = "App 1 Hello WorldTests/App 1 Hello WorldTests-Info.plist";
				PRODUCT_NAME = "$(TARGET_NAME)";
				TEST_HOST = "$(BUNDLE_LOADER)";
				WRAPPER_EXTENSION = xctest;
			};
			name = Release;
		};
/* End XCBuildConfiguration section */

/* Begin XCConfigurationList section */
		73992BFF189CA7480089D71C /* Build configuration list for PBXProject "App 1 Hello World" */ = {
			isa = XCConfigurationList;
			buildConfigurations = (
				73992C37189CA7480089D71C /* Debug */,
				73992C38189CA7480089D71C /* Release */,
			);
			defaultConfigurationIsVisible = 0;
			defaultConfigurationName = Release;
		};
		73992C39189CA7480089D71C /* Build configuration list for PBXNativeTarget "App 1 Hello World" */ = {
			isa = XCConfigurationList;
			buildConfigurations = (
				73992C3A189CA7480089D71C /* Debug */,
				73992C3B189CA7480089D71C /* Release */,
			);
			defaultConfigurationIsVisible = 0;
		};
		73992C3C189CA7480089D71C /* Build configuration list for PBXNativeTarget "App 1 Hello WorldTests" */ = {
			isa = XCConfigurationList;
			buildConfigurations = (
				73992C3D189CA7480089D71C /* Debug */,
				73992C3E189CA7480089D71C /* Release */,
			);
			defaultConfigurationIsVisible = 0;
		};
/* End XCConfigurationList section */
	};
	rootObject = 73992BFC189CA7480089D71C /* Project object */;
}
